
Microsoft Visual Studio Solution File, Format Version 12.00
# Visual Studio Version 17
VisualStudioVersion = 17.11.35219.272
MinimumVisualStudioVersion = 10.0.40219.1
Project("{FAE04EC0-301F-11D3-BF4B-00C04F79EFBC}") = "AuthPlus.Identity", "AuthPlus.Identity.csproj", "{489E10BB-FFE9-42B4-85BF-A312DB863FFC}"
EndProject
Global
	GlobalSection(SolutionConfigurationPlatforms) = preSolution
		Debug|Any CPU = Debug|Any CPU
		Release|Any CPU = Release|Any CPU
	EndGlobalSection
	GlobalSection(ProjectConfigurationPlatforms) = postSolution
		{489E10BB-FFE9-42B4-85BF-A312DB863FFC}.Debug|Any CPU.ActiveCfg = Debug|Any CPU
		{489E10BB-FFE9-42B4-85BF-A312DB863FFC}.Debug|Any CPU.Build.0 = Debug|Any CPU
		{489E10BB-FFE9-42B4-85BF-A312DB863FFC}.Release|Any CPU.ActiveCfg = Release|Any CPU
		{489E10BB-FFE9-42B4-85BF-A312DB863FFC}.Release|Any CPU.Build.0 = Release|Any CPU
	EndGlobalSection
	GlobalSection(SolutionProperties) = preSolution
		HideSolutionNode = FALSE
	EndGlobalSection
	GlobalSection(ExtensibilityGlobals) = postSolution
		SolutionGuid = {D0C4DC20-8967-4395-AAA6-F4D72BBF0B73}
	EndGlobalSection
EndGlobal
